Microsoft Visual Studio Solution File, Format Version 12.00
# Visual Studio Version 17
VisualStudioVersion = 17.5.2.0
MinimumVisualStudioVersion = 10.0.40219.1
Project("{FAE04EC0-301F-11D3-BF4B-00C04F79EFBC}") = "Buoi2", "Buoi2.csproj", "{16B70BF5-8F69-46C7-4284-855F5ADE6F76}"
EndProject
Global
	GlobalSection(SolutionConfigurationPlatforms) = preSolution
		Debug|Any CPU = Debug|Any CPU
		Release|Any CPU = Release|Any CPU
	EndGlobalSection
	GlobalSection(ProjectConfigurationPlatforms) = postSolution
		{16B70BF5-8F69-46C7-4284-855F5ADE6F76}.Debug|Any CPU.ActiveCfg = Debug|Any CPU
		{16B70BF5-8F69-46C7-4284-855F5ADE6F76}.Debug|Any CPU.Build.0 = Debug|Any CPU
		{16B70BF5-8F69-46C7-4284-855F5ADE6F76}.Release|Any CPU.ActiveCfg = Release|Any CPU
		{16B70BF5-8F69-46C7-4284-855F5ADE6F76}.Release|Any CPU.Build.0 = Release|Any CPU
	EndGlobalSection
	GlobalSection(SolutionProperties) = preSolution
		HideSolutionNode = FALSE
	EndGlobalSection
	GlobalSection(ExtensibilityGlobals) = postSolution
		SolutionGuid = {DC6D9CF9-617F-4E6C-BDAF-FA4718647120}
	EndGlobalSection
EndGlobal
